<?xml version="1.0" encoding="utf-8"?>
<Project ToolsVersion="4.0" xmlns="http://schemas.microsoft.com/developer/msbuild/2003">
  <ItemGroup>
    <Filter Include="Source Files">
      <UniqueIdentifier>{4FC737F1-C7A5-4376-A066-2A32D752A2FF}</UniqueIdentifier>
      <Extensions>cpp;c;cc;cxx;c++;cppm;ixx;def;odl;idl;hpj;bat;asm;asmx</Extensions>
    </Filter>
    <Filter Include="Header Files">
      <UniqueIdentifier>{93995380-89BD-4b04-88EB-625FBE52EBFB}</UniqueIdentifier>
      <Extensions>h;hh;hpp;hxx;h++;hm;inl;inc;ipp;xsd</Extensions>
    </Filter>
    <Filter Include="Resource Files">
      <UniqueIdentifier>{67DA6AB6-F800-4c08-8B7A-83BB121AAD01}</UniqueIdentifier>
      <Extensions>rc;ico;cur;bmp;dlg;rc2;rct;bin;rgs;gif;jpg;jpeg;jpe;resx;tiff;tif;png;wav;mfcribbon-ms</Extensions>
    </Filter>
    <Filter Include="Source Files\scanner">
      <UniqueIdentifier>{06d437f9-ae53-4b75-955d-75826442708a}</UniqueIdentifier>
    </Filter>
    <Filter Include="Source Files\disassembler">
      <UniqueIdentifier>{63e0e2ce-88a0-4c5f-8816-dac624d99b8d}</UniqueIdentifier>
    </Filter>
    <Filter Include="Source Files\memory">
      <UniqueIdentifier>{21fcee97-aa85-4138-9833-ee67d65771db}</UniqueIdentifier>
    </Filter>
  </ItemGroup>
  <ItemGroup>
    <ClCompile Include="main.cpp">
      <Filter>Source Files</Filter>
    </ClCompile>
    <ClCompile Include="scanner.cpp">
      <Filter>Source Files\scanner</Filter>
    </ClCompile>
    <ClCompile Include="disassembler.cpp">
      <Filter>Source Files\disassembler</Filter>
    </ClCompile>
    <ClCompile Include="memory.cpp">
      <Filter>Source Files\memory</Filter>
    </ClCompile>
  </ItemGroup>
  <ItemGroup>
    <ClInclude Include="include.hpp">
      <Filter>Header Files</Filter>
    </ClInclude>
    <ClInclude Include="scanner.hpp">
      <Filter>Source Files\scanner</Filter>
    </ClInclude>
    <ClInclude Include="disassembler.hpp">
      <Filter>Source Files\disassembler</Filter>
    </ClInclude>
    <ClInclude Include="memory.hpp">
      <Filter>Source Files\memory</Filter>
    </ClInclude>
  </ItemGroup>
</Project>